// !$*UTF8*$!
{
	archiveVersion = 1;
	classes = {
	};
	objectVersion = 50;
	objects = {

/* Begin PBXBuildFile section */
		723C4F2C213DD5AE00C7AAAF /* AppDelegate.swift in Sources */ = {isa = PBXBuildFile; fileRef = 723C4F2B213DD5AE00C7AAAF /* AppDelegate.swift */; };
		723C4F2E213DD5AE00C7AAAF /* ViewController.swift in Sources */ = {isa = PBXBuildFile; fileRef = 723C4F2D213DD5AE00C7AAAF /* ViewController.swift */; };
		723C4F31213DD5AE00C7AAAF /* Main.storyboard in Resources */ = {isa = PBXBuildFile; fileRef = 723C4F2F213DD5AE00C7AAAF /* Main.storyboard */; };
		723C4F33213DD5AF00C7AAAF /* Assets.xcassets in Resources */ = {isa = PBXBuildFile; fileRef = 723C4F32213DD5AF00C7AAAF /* Assets.xcassets */; };
		723C4F36213DD5AF00C7AAAF /* LaunchScreen.storyboard in Resources */ = {isa = PBXBuildFile; fileRef = 723C4F34213DD5AF00C7AAAF /* LaunchScreen.storyboard */; };
		723C4F41213DD5AF00C7AAAF /* MyFirstAppTests.swift in Sources */ = {isa = PBXBuildFile; fileRef = 723C4F40213DD5AF00C7AAAF /* MyFirstAppTests.swift */; };
		723C4F4C213DD5AF00C7AAAF /* MyFirstAppUITests.swift in Sources */ = {isa = PBXBuildFile; fileRef = 723C4F4B213DD5AF00C7AAAF /* MyFirstAppUITests.swift */; };
/* End PBXBuildFile section */

/* Begin PBXContainerItemProxy section */
		723C4F3D213DD5AF00C7AAAF /* PBXContainerItemProxy */ = {
			isa = PBXContainerItemProxy;
			containerPortal = 723C4F20213DD5AE00C7AAAF /* Project object */;
			proxyType = 1;
			remoteGlobalIDString = 723C4F27213DD5AE00C7AAAF;
			remoteInfo = MyFirstApp;
		};
		723C4F48213DD5AF00C7AAAF /* PBXContainerItemProxy */ = {
			isa = PBXContainerItemProxy;
			containerPortal = 723C4F20213DD5AE00C7AAAF /* Project object */;
			proxyType = 1;
			remoteGlobalIDString = 723C4F27213DD5AE00C7AAAF;
			remoteInfo = MyFirstApp;
		};
/* End PBXContainerItemProxy section */

/* Begin PBXFileReference section */
		723C4F28213DD5AE00C7AAAF /* MyFirstApp.app */ = {isa = PBXFileReference; explicitFileType = wrapper.application; includeInIndex = 0; path = MyFirstApp.app; sourceTree = BUILT_PRODUCTS_DIR; };
		723C4F2B213DD5AE00C7AAAF /* AppDelegate.swift */ = {isa = PBXFileReference; lastKnownFileType = sourcecode.swift; path = AppDelegate.swift; sourceTree = "<group>"; };
		723C4F2D213DD5AE00C7AAAF /* ViewController.swift */ = {isa = PBXFileReference; lastKnownFileType = sourcecode.swift; path = ViewController.swift; sourceTree = "<group>"; };
		723C4F30213DD5AE00C7AAAF /* Base */ = {isa = PBXFileReference; lastKnownFileType = file.storyboard; name = Base; path = Base.lproj/Main.storyboard; sourceTree = "<group>"; };
		723C4F32213DD5AF00C7AAAF /* Assets.xcassets */ = {isa = PBXFileReference; lastKnownFileType = folder.assetcatalog; path = Assets.xcassets; sourceTree = "<group>"; };
		723C4F35213DD5AF00C7AAAF /* Base */ = {isa = PBXFileReference; lastKnownFileType = file.storyboard; name = Base; path = Base.lproj/LaunchScreen.storyboard; sourceTree = "<group>"; };
		723C4F37213DD5AF00C7AAAF /* Info.plist */ = {isa = PBXFileReference; lastKnownFileType = text.plist.xml; path = Info.plist; sourceTree = "<group>"; };
		723C4F3C213DD5AF00C7AAAF /* MyFirstAppTests.xctest */ = {isa = PBXFileReference; explicitFileType = wrapper.cfbundle; includeInIndex = 0; path = MyFirstAppTests.xctest; sourceTree = BUILT_PRODUCTS_DIR; };
		723C4F40213DD5AF00C7AAAF /* MyFirstAppTests.swift */ = {isa = PBXFileReference; lastKnownFileType = sourcecode.swift; path = MyFirstAppTests.swift; sourceTree = "<group>"; };
		723C4F42213DD5AF00C7AAAF /* Info.plist */ = {isa = PBXFileReference; lastKnownFileType = text.plist.xml; path = Info.plist; sourceTree = "<group>"; };
		723C4F47213DD5AF00C7AAAF /* MyFirstAppUITests.xctest */ = {isa = PBXFileReference; explicitFileType = wrapper.cfbundle; includeInIndex = 0; path = MyFirstAppUITests.xctest; sourceTree = BUILT_PRODUCTS_DIR; };
		723C4F4B213DD5AF00C7AAAF /* MyFirstAppUITests.swift */ = {isa = PBXFileReference; lastKnownFileType = sourcecode.swift; path = MyFirstAppUITests.swift; sourceTree = "<group>"; };
		723C4F4D213DD5AF00C7AAAF /* Info.plist */ = {isa = PBXFileReference; lastKnownFileType = text.plist.xml; path = Info.plist; sourceTree = "<group>"; };
/* End PBXFileReference section */

/* Begin PBXFrameworksBuildPhase section */
		723C4F25213DD5AE00C7AAAF /* Frameworks */ = {
			isa = PBXFrameworksBuildPhase;
			buildActionMask = 2147483647;
			files = (
			);
			runOnlyForDeploymentPostprocessing = 0;
		};
		723C4F39213DD5AF00C7AAAF /* Frameworks */ = {
			isa = PBXFrameworksBuildPhase;
			buildActionMask = 2147483647;
			files = (
			);
			runOnlyForDeploymentPostprocessing = 0;
		};
		723C4F44213DD5AF00C7AAAF /* Frameworks */ = {
			isa = PBXFrameworksBuildPhase;
			buildActionMask = 2147483647;
			files = (
			);
			runOnlyForDeploymentPostprocessing = 0;
		};
/* End PBXFrameworksBuildPhase section */

/* Begin PBXGroup section */
		723C4F1F213DD5AE00C7AAAF = {
			isa = PBXGroup;
			children = (
				723C4F2A213DD5AE00C7AAAF /* MyFirstApp */,
				723C4F3F213DD5AF00C7AAAF /* MyFirstAppTests */,
				723C4F4A213DD5AF00C7AAAF /* MyFirstAppUITests */,
				723C4F29213DD5AE00C7AAAF /* Products */,
			);
			sourceTree = "<group>";
		};
		723C4F29213DD5AE00C7AAAF /* Products */ = {
			isa = PBXGroup;
			children = (
				723C4F28213DD5AE00C7AAAF /* MyFirstApp.app */,
				723C4F3C213DD5AF00C7AAAF /* MyFirstAppTests.xctest */,
				723C4F47213DD5AF00C7AAAF /* MyFirstAppUITests.xctest */,
			);
			name = Products;
			sourceTree = "<group>";
		};
		723C4F2A213DD5AE00C7AAAF /* MyFirstApp */ = {
			isa = PBXGroup;
			children = (
				723C4F2B213DD5AE00C7AAAF /* AppDelegate.swift */,
				723C4F2D213DD5AE00C7AAAF /* ViewController.swift */,
				723C4F2F213DD5AE00C7AAAF /* Main.storyboard */,
				723C4F32213DD5AF00C7AAAF /* Assets.xcassets */,
				723C4F34213DD5AF00C7AAAF /* LaunchScreen.storyboard */,
				723C4F37213DD5AF00C7AAAF /* Info.plist */,
			);
			path = MyFirstApp;
			sourceTree = "<group>";
		};
		723C4F3F213DD5AF00C7AAAF /* MyFirstAppTests */ = {
			isa = PBXGroup;
			children = (
				723C4F40213DD5AF00C7AAAF /* MyFirstAppTests.swift */,
				723C4F42213DD5AF00C7AAAF /* Info.plist */,
			);
			path = MyFirstAppTests;
			sourceTree = "<group>";
		};
		723C4F4A213DD5AF00C7AAAF /* MyFirstAppUITests */ = {
			isa = PBXGroup;
			children = (
				723C4F4B213DD5AF00C7AAAF /* MyFirstAppUITests.swift */,
				723C4F4D213DD5AF00C7AAAF /* Info.plist */,
			);
			path = MyFirstAppUITests;
			sourceTree = "<group>";
		};
/* End PBXGroup section */

/* Begin PBXNativeTarget section */
		723C4F27213DD5AE00C7AAAF /* MyFirstApp */ = {
			isa = PBXNativeTarget;
			buildConfigurationList = 723C4F50213DD5AF00C7AAAF /* Build configuration list for PBXNativeTarget "MyFirstApp" */;
			buildPhases = (
				723C4F24213DD5AE00C7AAAF /* Sources */,
				723C4F25213DD5AE00C7AAAF /* Frameworks */,
				723C4F26213DD5AE00C7AAAF /* Resources */,
			);
			buildRules = (
			);
			dependencies = (
			);
			name = MyFirstApp;
			productName = MyFirstApp;
			productReference = 723C4F28213DD5AE00C7AAAF /* MyFirstApp.app */;
			productType = "com.apple.product-type.application";
		};
		723C4F3B213DD5AF00C7AAAF /* MyFirstAppTests */ = {
			isa = PBXNativeTarget;
			buildConfigurationList = 723C4F53213DD5AF00C7AAAF /* Build configuration list for PBXNativeTarget "MyFirstAppTests" */;
			buildPhases = (
				723C4F38213DD5AF00C7AAAF /* Sources */,
				723C4F39213DD5AF00C7AAAF /* Frameworks */,
				723C4F3A213DD5AF00C7AAAF /* Resources */,
			);
			buildRules = (
			);
			dependencies = (
				723C4F3E213DD5AF00C7AAAF /* PBXTargetDependency */,
			);
			name = MyFirstAppTests;
			productName = MyFirstAppTests;
			productReference = 723C4F3C213DD5AF00C7AAAF /* MyFirstAppTests.xctest */;
			productType = "com.apple.product-type.bundle.unit-test";
		};
		723C4F46213DD5AF00C7AAAF /* MyFirstAppUITests */ = {
			isa = PBXNativeTarget;
			buildConfigurationList = 723C4F56213DD5AF00C7AAAF /* Build configuration list for PBXNativeTarget "MyFirstAppUITests" */;
			buildPhases = (
				723C4F43213DD5AF00C7AAAF /* Sources */,
				723C4F44213DD5AF00C7AAAF /* Frameworks */,
				723C4F45213DD5AF00C7AAAF /* Resources */,
			);
			buildRules = (
			);
			dependencies = (
				723C4F49213DD5AF00C7AAAF /* PBXTargetDependency */,
			);
			name = MyFirstAppUITests;
			productName = MyFirstAppUITests;
			productReference = 723C4F47213DD5AF00C7AAAF /* MyFirstAppUITests.xctest */;
			productType = "com.apple.product-type.bundle.ui-testing";
		};
/* End PBXNativeTarget section */

/* Begin PBXProject section */
		723C4F20213DD5AE00C7AAAF /* Project object */ = {
			isa = PBXProject;
			attributes = {
				LastSwiftUpdateCheck = 0940;
				LastUpgradeCheck = 0940;
				ORGANIZATIONNAME = "Beautiful Mess";
				TargetAttributes = {
					723C4F27213DD5AE00C7AAAF = {
						CreatedOnToolsVersion = 9.4.1;
					};
					723C4F3B213DD5AF00C7AAAF = {
						CreatedOnToolsVersion = 9.4.1;
						TestTargetID = 723C4F27213DD5AE00C7AAAF;
					};
					723C4F46213DD5AF00C7AAAF = {
						CreatedOnToolsVersion = 9.4.1;
						TestTargetID = 723C4F27213DD5AE00C7AAAF;
					};
				};
			};
			buildConfigurationList = 723C4F23213DD5AE00C7AAAF /* Build configuration list for PBXProject "MyFirstApp" */;
			compatibilityVersion = "Xcode 9.3";
			developmentRegion = en;
			hasScannedForEncodings = 0;
			knownRegions = (
				en,
				Base,
			);
			mainGroup = 723C4F1F213DD5AE00C7AAAF;
			productRefGroup = 723C4F29213DD5AE00C7AAAF /* Products */;
			projectDirPath = "";
			projectRoot = "";
			targets = (
				723C4F27213DD5AE00C7AAAF /* MyFirstApp */,
				723C4F3B213DD5AF00C7AAAF /* MyFirstAppTests */,
				723C4F46213DD5AF00C7AAAF /* MyFirstAppUITests */,
			);
		};
/* End PBXProject section */

/* Begin PBXResourcesBuildPhase section */
		723C4F26213DD5AE00C7AAAF /* Resources */ = {
			isa = PBXResourcesBuildPhase;
			buildActionMask = 2147483647;
			files = (
				723C4F36213DD5AF00C7AAAF /* LaunchScreen.storyboard in Resources */,
				723C4F33213DD5AF00C7AAAF /* Assets.xcassets in Resources */,
				723C4F31213DD5AE00C7AAAF /* Main.storyboard in Resources */,
			);
			runOnlyForDeploymentPostprocessing = 0;
		};
		723C4F3A213DD5AF00C7AAAF /* Resources */ = {
			isa = PBXResourcesBuildPhase;
			buildActionMask = 2147483647;
			files = (
			);
			runOnlyForDeploymentPostprocessing = 0;
		};
		723C4F45213DD5AF00C7AAAF /* Resources */ = {
			isa = PBXResourcesBuildPhase;
			buildActionMask = 2147483647;
			files = (
			);
			runOnlyForDeploymentPostprocessing = 0;
		};
/* End PBXResourcesBuildPhase section */

/* Begin PBXSourcesBuildPhase section */
		723C4F24213DD5AE00C7AAAF /* Sources */ = {
			isa = PBXSourcesBuildPhase;
			buildActionMask = 2147483647;
			files = (
				723C4F2E213DD5AE00C7AAAF /* ViewController.swift in Sources */,
				723C4F2C213DD5AE00C7AAAF /* AppDelegate.swift in Sources */,
			);
			runOnlyForDeploymentPostprocessing = 0;
		};
		723C4F38213DD5AF00C7AAAF /* Sources */ = {
			isa = PBXSourcesBuildPhase;
			buildActionMask = 2147483647;
			files = (
				723C4F41213DD5AF00C7AAAF /* MyFirstAppTests.swift in Sources */,
			);
			runOnlyForDeploymentPostprocessing = 0;
		};
		723C4F43213DD5AF00C7AAAF /* Sources */ = {
			isa = PBXSourcesBuildPhase;
			buildActionMask = 2147483647;
			files = (
				723C4F4C213DD5AF00C7AAAF /* MyFirstAppUITests.swift in Sources */,
			);
			runOnlyForDeploymentPostprocessing = 0;
		};
/* End PBXSourcesBuildPhase section */

/* Begin PBXTargetDependency section */
		723C4F3E213DD5AF00C7AAAF /* PBXTargetDependency */ = {
			isa = PBXTargetDependency;
			target = 723C4F27213DD5AE00C7AAAF /* MyFirstApp */;
			targetProxy = 723C4F3D213DD5AF00C7AAAF /* PBXContainerItemProxy */;
		};
		723C4F49213DD5AF00C7AAAF /* PBXTargetDependency */ = {
			isa = PBXTargetDependency;
			target = 723C4F27213DD5AE00C7AAAF /* MyFirstApp */;
			targetProxy = 723C4F48213DD5AF00C7AAAF /* PBXContainerItemProxy */;
		};
/* End PBXTargetDependency section */

/* Begin PBXVariantGroup section */
		723C4F2F213DD5AE00C7AAAF /* Main.storyboard */ = {
			isa = PBXVariantGroup;
			children = (
				723C4F30213DD5AE00C7AAAF /* Base */,
			);
			name = Main.storyboard;
			sourceTree = "<group>";
		};
		723C4F34213DD5AF00C7AAAF /* LaunchScreen.storyboard */ = {
			isa = PBXVariantGroup;
			children = (
				723C4F35213DD5AF00C7AAAF /* Base */,
			);
			name = LaunchScreen.storyboard;
			sourceTree = "<group>";
		};
/* End PBXVariantGroup section */

/* Begin XCBuildConfiguration section */
		723C4F4E213DD5AF00C7AAAF /* Debug */ = {
			isa = XCBuildConfiguration;
			buildSettings = {
				ALWAYS_SEARCH_USER_PATHS = NO;
				CLANG_ANALYZER_NONNULL = YES;
				CLANG_ANALYZER_NUMBER_OBJECT_CONVERSION = YES_AGGRESSIVE;
				CLANG_CXX_LANGUAGE_STANDARD = "gnu++14";
				CLANG_CXX_LIBRARY = "libc++";
				CLANG_ENABLE_MODULES = YES;
				CLANG_ENABLE_OBJC_ARC = YES;
				CLANG_ENABLE_OBJC_WEAK = YES;
				CLANG_WARN_BLOCK_CAPTURE_AUTORELEASING = YES;
				CLANG_WARN_BOOL_CONVERSION = YES;
				CLANG_WARN_COMMA = YES;
				CLANG_WARN_CONSTANT_CONVERSION = YES;
				CLANG_WARN_DEPRECATED_OBJC_IMPLEMENTATIONS = YES;
				CLANG_WARN_DIRECT_OBJC_ISA_USAGE = YES_ERROR;
				CLANG_WARN_DOCUMENTATION_COMMENTS = YES;
				CLANG_WARN_EMPTY_BODY = YES;
				CLANG_WARN_ENUM_CONVERSION = YES;
				CLANG_WARN_INFINITE_RECURSION = YES;
				CLANG_WARN_INT_CONVERSION = YES;
				CLANG_WARN_NON_LITERAL_NULL_CONVERSION = YES;
				CLANG_WARN_OBJC_IMPLICIT_RETAIN_SELF = YES;
				CLANG_WARN_OBJC_LITERAL_CONVERSION = YES;
				CLANG_WARN_OBJC_ROOT_CLASS = YES_ERROR;
				CLANG_WARN_RANGE_LOOP_ANALYSIS = YES;
				CLANG_WARN_STRICT_PROTOTYPES = YES;
				CLANG_WARN_SUSPICIOUS_MOVE = YES;
				CLANG_WARN_UNGUARDED_AVAILABILITY = YES_AGGRESSIVE;
				CLANG_WARN_UNREACHABLE_CODE = YES;
				CLANG_WARN__DUPLICATE_METHOD_MATCH = YES;
				CODE_SIGN_IDENTITY = "iPhone Developer";
				COPY_PHASE_STRIP = NO;
				DEBUG_INFORMATION_FORMAT = dwarf;
				ENABLE_STRICT_OBJC_MSGSEND = YES;
				ENABLE_TESTABILITY = YES;
				GCC_C_LANGUAGE_STANDARD = gnu11;
				GCC_DYNAMIC_NO_PIC = NO;
				GCC_NO_COMMON_BLOCKS = YES;
				GCC_OPTIMIZATION_LEVEL = 0;
				GCC_PREPROCESSOR_DEFINITIONS = (
					"DEBUG=1",
					"$(inherited)",
				);
				GCC_WARN_64_TO_32_BIT_CONVERSION = YES;
				GCC_WARN_ABOUT_RETURN_TYPE = YES_ERROR;
				GCC_WARN_UNDECLARED_SELECTOR = YES;
				GCC_WARN_UNINITIALIZED_AUTOS = YES_AGGRESSIVE;
				GCC_WARN_UNUSED_FUNCTION = YES;
				GCC_WARN_UNUSED_VARIABLE = YES;
				IPHONEOS_DEPLOYMENT_TARGET = 11.4;
				MTL_ENABLE_DEBUG_INFO = YES;
				ONLY_ACTIVE_ARCH = YES;
				SDKROOT = iphoneos;
				SWIFT_ACTIVE_COMPILATION_CONDITIONS = DEBUG;
				SWIFT_OPTIMIZATION_LEVEL = "-Onone";
			};
			name = Debug;
		};
		723C4F4F213DD5AF00C7AAAF /* Release */ = {
			isa = XCBuildConfiguration;
			buildSettings = {
				ALWAYS_SEARCH_USER_PATHS = NO;
				CLANG_ANALYZER_NONNULL = YES;
				CLANG_ANALYZER_NUMBER_OBJECT_CONVERSION = YES_AGGRESSIVE;
				CLANG_CXX_LANGUAGE_STANDARD = "gnu++14";
				CLANG_CXX_LIBRARY = "libc++";
				CLANG_ENABLE_MODULES = YES;
				CLANG_ENABLE_OBJC_ARC = YES;
				CLANG_ENABLE_OBJC_WEAK = YES;
				CLANG_WARN_BLOCK_CAPTURE_AUTORELEASING = YES;
				CLANG_WARN_BOOL_CONVERSION = YES;
				CLANG_WARN_COMMA = YES;
				CLANG_WARN_CONSTANT_CONVERSION = YES;
				CLANG_WARN_DEPRECATED_OBJC_IMPLEMENTATIONS = YES;
				CLANG_WARN_DIRECT_OBJC_ISA_USAGE = YES_ERROR;
				CLANG_WARN_DOCUMENTATION_COMMENTS = YES;
				CLANG_WARN_EMPTY_BODY = YES;
				CLANG_WARN_ENUM_CONVERSION = YES;
				CLANG_WARN_INFINITE_RECURSION = YES;
				CLANG_WARN_INT_CONVERSION = YES;
				CLANG_WARN_NON_LITERAL_NULL_CONVERSION = YES;
				CLANG_WARN_OBJC_IMPLICIT_RETAIN_SELF = YES;
				CLANG_WARN_OBJC_LITERAL_CONVERSION = YES;
				CLANG_WARN_OBJC_ROOT_CLASS = YES_ERROR;
				CLANG_WARN_RANGE_LOOP_ANALYSIS = YES;
				CLANG_WARN_STRICT_PROTOTYPES = YES;
				CLANG_WARN_SUSPICIOUS_MOVE = YES;
				CLANG_WARN_UNGUARDED_AVAILABILITY = YES_AGGRESSIVE;
				CLANG_WARN_UNREACHABLE_CODE = YES;
				CLANG_WARN__DUPLICATE_METHOD_MATCH = YES;
				CODE_SIGN_IDENTITY = "iPhone Developer";
				COPY_PHASE_STRIP = NO;
				DEBUG_INFORMATION_FORMAT = "dwarf-with-dsym";
				ENABLE_NS_ASSERTIONS = NO;
				ENABLE_STRICT_OBJC_MSGSEND = YES;
				GCC_C_LANGUAGE_STANDARD = gnu11;
				GCC_NO_COMMON_BLOCKS = YES;
				GCC_WARN_64_TO_32_BIT_CONVERSION = YES;
				GCC_WARN_ABOUT_RETURN_TYPE = YES_ERROR;
				GCC_WARN_UNDECLARED_SELECTOR = YES;
				GCC_WARN_UNINITIALIZED_AUTOS = YES_AGGRESSIVE;
				GCC_WARN_UNUSED_FUNCTION = YES;
				GCC_WARN_UNUSED_VARIABLE = YES;
				IPHONEOS_DEPLOYMENT_TARGET = 11.4;
				MTL_ENABLE_DEBUG_INFO = NO;
				SDKROOT = iphoneos;
				SWIFT_COMPILATION_MODE = wholemodule;
				SWIFT_OPTIMIZATION_LEVEL = "-O";
				VALIDATE_PRODUCT = YES;
			};
			name = Release;
		};
		723C4F51213DD5AF00C7AAAF /* Debug */ = {
			isa = XCBuildConfiguration;
			buildSettings = {
				ASSETCATALOG_COMPILER_APPICON_NAME = AppIcon;
				CODE_SIGN_STYLE = Automatic;
				INFOPLIST_FILE = MyFirstApp/Info.plist;
				LD_RUNPATH_SEARCH_PATHS = (
					"$(inherited)",
					"@executable_path/Frameworks",
				);
				PRODUCT_BUNDLE_IDENTIFIER = BMess.MyFirstApp;
				PRODUCT_NAME = "$(TARGET_NAME)";
				SWIFT_VERSION = 4.0;
				TARGETED_DEVICE_FAMILY = "1,2";
			};
			name = Debug;
		};
		723C4F52213DD5AF00C7AAAF /* Release */ = {
			isa = XCBuildConfiguration;
			buildSettings = {
				ASSETCATALOG_COMPILER_APPICON_NAME = AppIcon;
				CODE_SIGN_STYLE = Automatic;
				INFOPLIST_FILE = MyFirstApp/Info.plist;
				LD_RUNPATH_SEARCH_PATHS = (
					"$(inherited)",
					"@executable_path/Frameworks",
				);
				PRODUCT_BUNDLE_IDENTIFIER = BMess.MyFirstApp;
				PRODUCT_NAME = "$(TARGET_NAME)";
				SWIFT_VERSION = 4.0;
				TARGETED_DEVICE_FAMILY = "1,2";
			};
			name = Release;
		};
		723C4F54213DD5AF00C7AAAF /* Debug */ = {
			isa = XCBuildConfiguration;
			buildSettings = {
				ALWAYS_EMBED_SWIFT_STANDARD_LIBRARIES = YES;
				BUNDLE_LOADER = "$(TEST_HOST)";
				CODE_SIGN_STYLE = Automatic;
				INFOPLIST_FILE = MyFirstAppTests/Info.plist;
				LD_RUNPATH_SEARCH_PATHS = (
					"$(inherited)",
					"@executable_path/Frameworks",
					"@loader_path/Frameworks",
				);
				PRODUCT_BUNDLE_IDENTIFIER = BMess.MyFirstAppTests;
				PRODUCT_NAME = "$(TARGET_NAME)";
				SWIFT_VERSION = 4.0;
				TARGETED_DEVICE_FAMILY = "1,2";
				TEST_HOST = "$(BUILT_PRODUCTS_DIR)/MyFirstApp.app/MyFirstApp";
			};
			name = Debug;
		};
		723C4F55213DD5AF00C7AAAF /* Release */ = {
			isa = XCBuildConfiguration;
			buildSettings = {
				ALWAYS_EMBED_SWIFT_STANDARD_LIBRARIES = YES;
				BUNDLE_LOADER = "$(TEST_HOST)";
				CODE_SIGN_STYLE = Automatic;
				INFOPLIST_FILE = MyFirstAppTests/Info.plist;
				LD_RUNPATH_SEARCH_PATHS = (
					"$(inherited)",
					"@executable_path/Frameworks",
					"@loader_path/Frameworks",
				);
				PRODUCT_BUNDLE_IDENTIFIER = BMess.MyFirstAppTests;
				PRODUCT_NAME = "$(TARGET_NAME)";
				SWIFT_VERSION = 4.0;
				TARGETED_DEVICE_FAMILY = "1,2";
				TEST_HOST = "$(BUILT_PRODUCTS_DIR)/MyFirstApp.app/MyFirstApp";
			};
			name = Release;
		};
		723C4F57213DD5AF00C7AAAF /* Debug */ = {
			isa = XCBuildConfiguration;
			buildSettings = {
				ALWAYS_EMBED_SWIFT_STANDARD_LIBRARIES = YES;
				CODE_SIGN_STYLE = Automatic;
				INFOPLIST_FILE = MyFirstAppUITests/Info.plist;
				LD_RUNPATH_SEARCH_PATHS = (
					"$(inherited)",
					"@executable_path/Frameworks",
					"@loader_path/Frameworks",
				);
				PRODUCT_BUNDLE_IDENTIFIER = BMess.MyFirstAppUITests;
				PRODUCT_NAME = "$(TARGET_NAME)";
				SWIFT_VERSION = 4.0;
				TARGETED_DEVICE_FAMILY = "1,2";
				TEST_TARGET_NAME = MyFirstApp;
			};
			name = Debug;
		};
		723C4F58213DD5AF00C7AAAF /* Release */ = {
			isa = XCBuildConfiguration;
			buildSettings = {
				ALWAYS_EMBED_SWIFT_STANDARD_LIBRARIES = YES;
				CODE_SIGN_STYLE = Automatic;
				INFOPLIST_FILE = MyFirstAppUITests/Info.plist;
				LD_RUNPATH_SEARCH_PATHS = (
					"$(inherited)",
					"@executable_path/Frameworks",
					"@loader_path/Frameworks",
				);
				PRODUCT_BUNDLE_IDENTIFIER = BMess.MyFirstAppUITests;
				PRODUCT_NAME = "$(TARGET_NAME)";
				SWIFT_VERSION = 4.0;
				TARGETED_DEVICE_FAMILY = "1,2";
				TEST_TARGET_NAME = MyFirstApp;
			};
			name = Release;
		};
/* End XCBuildConfiguration section */

/* Begin XCConfigurationList section */
		723C4F23213DD5AE00C7AAAF /* Build configuration list for PBXProject "MyFirstApp" */ = {
			isa = XCConfigurationList;
			buildConfigurations = (
				723C4F4E213DD5AF00C7AAAF /* Debug */,
				723C4F4F213DD5AF00C7AAAF /* Release */,
			);
			defaultConfigurationIsVisible = 0;
			defaultConfigurationName = Release;
		};
		723C4F50213DD5AF00C7AAAF /* Build configuration list for PBXNativeTarget "MyFirstApp" */ = {
			isa = XCConfigurationList;
			buildConfigurations = (
				723C4F51213DD5AF00C7AAAF /* Debug */,
				723C4F52213DD5AF00C7AAAF /* Release */,
			);
			defaultConfigurationIsVisible = 0;
			defaultConfigurationName = Release;
		};
		723C4F53213DD5AF00C7AAAF /* Build configuration list for PBXNativeTarget "MyFirstAppTests" */ = {
			isa = XCConfigurationList;
			buildConfigurations = (
				723C4F54213DD5AF00C7AAAF /* Debug */,
				723C4F55213DD5AF00C7AAAF /* Release */,
			);
			defaultConfigurationIsVisible = 0;
			defaultConfigurationName = Release;
		};
		723C4F56213DD5AF00C7AAAF /* Build configuration list for PBXNativeTarget "MyFirstAppUITests" */ = {
			isa = XCConfigurationList;
			buildConfigurations = (
				723C4F57213DD5AF00C7AAAF /* Debug */,
				723C4F58213DD5AF00C7AAAF /* Release */,
			);
			defaultConfigurationIsVisible = 0;
			defaultConfigurationName = Release;
		};
/* End XCConfigurationList section */
	};
	rootObject = 723C4F20213DD5AE00C7AAAF /* Project object */;
}
